
Microsoft Visual Studio Solution File, Format Version 12.00
# Visual Studio Version 16
VisualStudioVersion = 16.0.30611.23
MinimumVisualStudioVersion = 10.0.40219.1
Project("{FAE04EC0-301F-11D3-BF4B-00C04F79EFBC}") = "Week13", "Week13\Week13.csproj", "{DB6860B7-E0F0-463E-B120-77DAC29EA8A0}"
EndProject
Global
	GlobalSection(SolutionConfigurationPlatforms) = preSolution
		Debug|Any CPU = Debug|Any CPU
		Release|Any CPU = Release|Any CPU
	EndGlobalSection
	GlobalSection(ProjectConfigurationPlatforms) = postSolution
		{DB6860B7-E0F0-463E-B120-77DAC29EA8A0}.Debug|Any CPU.ActiveCfg = Debug|Any CPU
		{DB6860B7-E0F0-463E-B120-77DAC29EA8A0}.Debug|Any CPU.Build.0 = Debug|Any CPU
		{DB6860B7-E0F0-463E-B120-77DAC29EA8A0}.Release|Any CPU.ActiveCfg = Release|Any CPU
		{DB6860B7-E0F0-463E-B120-77DAC29EA8A0}.Release|Any CPU.Build.0 = Release|Any CPU
	EndGlobalSection
	GlobalSection(SolutionProperties) = preSolution
		HideSolutionNode = FALSE
	EndGlobalSection
	GlobalSection(ExtensibilityGlobals) = postSolution
		SolutionGuid = {FED99D74-ADD9-49FB-9E8F-7E23A664F5D7}
	EndGlobalSection
EndGlobal
